
Microsoft Visual Studio Solution File, Format Version 12.00
Project("{FAE04EC0-301F-11D3-BF4B-00C04F79EFBC}") = "originalstoremada", "originalstoremada.csproj", "{42F55905-6601-4979-96D5-31BE93AF6800}"
EndProject
Global
	GlobalSection(SolutionConfigurationPlatforms) = preSolution
		Debug|Any CPU = Debug|Any CPU
		Release|Any CPU = Release|Any CPU
	EndGlobalSection
	GlobalSection(ProjectConfigurationPlatforms) = postSolution
		{42F55905-6601-4979-96D5-31BE93AF6800}.Debug|Any CPU.ActiveCfg = Debug|Any CPU
		{42F55905-6601-4979-96D5-31BE93AF6800}.Debug|Any CPU.Build.0 = Debug|Any CPU
		{42F55905-6601-4979-96D5-31BE93AF6800}.Release|Any CPU.ActiveCfg = Release|Any CPU
		{42F55905-6601-4979-96D5-31BE93AF6800}.Release|Any CPU.Build.0 = Release|Any CPU
	EndGlobalSection
EndGlobal
